{
  "name": "sample-test",
  "lockfileVersion": 3,
  "requires": true,
  "packages": {
    "": {
      "dependencies": {
        "sample-package": "file:../sample-package/sample-package-1.0.0.tgz"
      }
    },
    "node_modules/sample-package": {
      "version": "1.0.0",
      "resolved": "file:../sample-package/sample-package-1.0.0.tgz",
      "integrity": "sha512-rqbzew7DtIAnLQ9L/MBqBPIecDBOpWRkFaotmjZgXR9n414No5L6rkL8wIfYxnH73ayYt9kR0sVtGKFNxHyZfA==",
      "license": "ISC"
    }
  }
}
